// !$*UTF8*$!
{
	archiveVersion = 1;
	classes = {
	};
	objectVersion = 50;
	objects = {

/* Begin PBXBuildFile section */
		C67AE00A21CB6660000D9209 /* SinglyLinkedList.c in Sources */ = {isa = PBXBuildFile; fileRef = C67AE00821CB6660000D9209 /* SinglyLinkedList.c */; };
		C67AE07721CD01B4000D9209 /* DoublyLinkedList.c in Sources */ = {isa = PBXBuildFile; fileRef = C67AE07521CD01B3000D9209 /* DoublyLinkedList.c */; };
		C67B4ACA21C768AA008E0982 /* main.c in Sources */ = {isa = PBXBuildFile; fileRef = C67B4AC921C768AA008E0982 /* main.c */; };
		C67B4AD221C78EBB008E0982 /* Stack.c in Sources */ = {isa = PBXBuildFile; fileRef = C67B4AD021C78EBB008E0982 /* Stack.c */; };
		C67B4AD521C78F38008E0982 /* Queue.c in Sources */ = {isa = PBXBuildFile; fileRef = C67B4AD321C78F38008E0982 /* Queue.c */; };
		C6FF67FE21D3659900517D51 /* StackUsingLL.c in Sources */ = {isa = PBXBuildFile; fileRef = C6FF67FC21D3659900517D51 /* StackUsingLL.c */; };
/* End PBXBuildFile section */

/* Begin PBXCopyFilesBuildPhase section */
		C67B4AC421C768AA008E0982 /* CopyFiles */ = {
			isa = PBXCopyFilesBuildPhase;
			buildActionMask = 2147483647;
			dstPath = /usr/share/man/man1/;
			dstSubfolderSpec = 0;
			files = (
			);
			runOnlyForDeploymentPostprocessing = 1;
		};
/* End PBXCopyFilesBuildPhase section */

/* Begin PBXFileReference section */
		C67AE00821CB6660000D9209 /* SinglyLinkedList.c */ = {isa = PBXFileReference; lastKnownFileType = sourcecode.c.c; path = SinglyLinkedList.c; sourceTree = "<group>"; };
		C67AE00921CB6660000D9209 /* SinglyLinkedList.h */ = {isa = PBXFileReference; lastKnownFileType = sourcecode.c.h; path = SinglyLinkedList.h; sourceTree = "<group>"; };
		C67AE07521CD01B3000D9209 /* DoublyLinkedList.c */ = {isa = PBXFileReference; lastKnownFileType = sourcecode.c.c; path = DoublyLinkedList.c; sourceTree = "<group>"; };
		C67AE07621CD01B4000D9209 /* DoublyLinkedList.h */ = {isa = PBXFileReference; lastKnownFileType = sourcecode.c.h; path = DoublyLinkedList.h; sourceTree = "<group>"; };
		C67B4AC621C768AA008E0982 /* DSPractice */ = {isa = PBXFileReference; explicitFileType = "compiled.mach-o.executable"; includeInIndex = 0; path = DSPractice; sourceTree = BUILT_PRODUCTS_DIR; };
		C67B4AC921C768AA008E0982 /* main.c */ = {isa = PBXFileReference; lastKnownFileType = sourcecode.c.c; path = main.c; sourceTree = "<group>"; };
		C67B4AD021C78EBB008E0982 /* Stack.c */ = {isa = PBXFileReference; lastKnownFileType = sourcecode.c.c; path = Stack.c; sourceTree = "<group>"; };
		C67B4AD121C78EBB008E0982 /* Stack.h */ = {isa = PBXFileReference; lastKnownFileType = sourcecode.c.h; path = Stack.h; sourceTree = "<group>"; };
		C67B4AD321C78F38008E0982 /* Queue.c */ = {isa = PBXFileReference; lastKnownFileType = sourcecode.c.c; path = Queue.c; sourceTree = "<group>"; };
		C67B4AD421C78F38008E0982 /* Queue.h */ = {isa = PBXFileReference; lastKnownFileType = sourcecode.c.h; path = Queue.h; sourceTree = "<group>"; };
		C6FF67FC21D3659900517D51 /* StackUsingLL.c */ = {isa = PBXFileReference; lastKnownFileType = sourcecode.c.c; path = StackUsingLL.c; sourceTree = "<group>"; };
		C6FF67FD21D3659900517D51 /* StackUsingLL.h */ = {isa = PBXFileReference; lastKnownFileType = sourcecode.c.h; path = StackUsingLL.h; sourceTree = "<group>"; };
/* End PBXFileReference section */

/* Begin PBXFrameworksBuildPhase section */
		C67B4AC321C768AA008E0982 /* Frameworks */ = {
			isa = PBXFrameworksBuildPhase;
			buildActionMask = 2147483647;
			files = (
			);
			runOnlyForDeploymentPostprocessing = 0;
		};
/* End PBXFrameworksBuildPhase section */

/* Begin PBXGroup section */
		C67B4ABD21C768AA008E0982 = {
			isa = PBXGroup;
			children = (
				C67B4AC821C768AA008E0982 /* DSPractice */,
				C67B4AC721C768AA008E0982 /* Products */,
			);
			sourceTree = "<group>";
		};
		C67B4AC721C768AA008E0982 /* Products */ = {
			isa = PBXGroup;
			children = (
				C67B4AC621C768AA008E0982 /* DSPractice */,
			);
			name = Products;
			sourceTree = "<group>";
		};
		C67B4AC821C768AA008E0982 /* DSPractice */ = {
			isa = PBXGroup;
			children = (
				C67B4AC921C768AA008E0982 /* main.c */,
				C67B4AD021C78EBB008E0982 /* Stack.c */,
				C67B4AD121C78EBB008E0982 /* Stack.h */,
				C67B4AD321C78F38008E0982 /* Queue.c */,
				C67B4AD421C78F38008E0982 /* Queue.h */,
				C67AE00821CB6660000D9209 /* SinglyLinkedList.c */,
				C67AE00921CB6660000D9209 /* SinglyLinkedList.h */,
				C67AE07521CD01B3000D9209 /* DoublyLinkedList.c */,
				C67AE07621CD01B4000D9209 /* DoublyLinkedList.h */,
				C6FF67FC21D3659900517D51 /* StackUsingLL.c */,
				C6FF67FD21D3659900517D51 /* StackUsingLL.h */,
			);
			path = DSPractice;
			sourceTree = "<group>";
		};
/* End PBXGroup section */

/* Begin PBXNativeTarget section */
		C67B4AC521C768AA008E0982 /* DSPractice */ = {
			isa = PBXNativeTarget;
			buildConfigurationList = C67B4ACD21C768AA008E0982 /* Build configuration list for PBXNativeTarget "DSPractice" */;
			buildPhases = (
				C67B4AC221C768AA008E0982 /* Sources */,
				C67B4AC321C768AA008E0982 /* Frameworks */,
				C67B4AC421C768AA008E0982 /* CopyFiles */,
			);
			buildRules = (
			);
			dependencies = (
			);
			name = DSPractice;
			productName = UdemyDSCourse;
			productReference = C67B4AC621C768AA008E0982 /* DSPractice */;
			productType = "com.apple.product-type.tool";
		};
/* End PBXNativeTarget section */

/* Begin PBXProject section */
		C67B4ABE21C768AA008E0982 /* Project object */ = {
			isa = PBXProject;
			attributes = {
				LastUpgradeCheck = 0940;
				ORGANIZATIONNAME = DrawRect;
				TargetAttributes = {
					C67B4AC521C768AA008E0982 = {
						CreatedOnToolsVersion = 9.4.1;
					};
				};
			};
			buildConfigurationList = C67B4AC121C768AA008E0982 /* Build configuration list for PBXProject "DSPractice" */;
			compatibilityVersion = "Xcode 9.3";
			developmentRegion = en;
			hasScannedForEncodings = 0;
			knownRegions = (
				en,
			);
			mainGroup = C67B4ABD21C768AA008E0982;
			productRefGroup = C67B4AC721C768AA008E0982 /* Products */;
			projectDirPath = "";
			projectRoot = "";
			targets = (
				C67B4AC521C768AA008E0982 /* DSPractice */,
			);
		};
/* End PBXProject section */

/* Begin PBXSourcesBuildPhase section */
		C67B4AC221C768AA008E0982 /* Sources */ = {
			isa = PBXSourcesBuildPhase;
			buildActionMask = 2147483647;
			files = (
				C67AE00A21CB6660000D9209 /* SinglyLinkedList.c in Sources */,
				C6FF67FE21D3659900517D51 /* StackUsingLL.c in Sources */,
				C67B4AD521C78F38008E0982 /* Queue.c in Sources */,
				C67AE07721CD01B4000D9209 /* DoublyLinkedList.c in Sources */,
				C67B4AD221C78EBB008E0982 /* Stack.c in Sources */,
				C67B4ACA21C768AA008E0982 /* main.c in Sources */,
			);
			runOnlyForDeploymentPostprocessing = 0;
		};
/* End PBXSourcesBuildPhase section */

/* Begin XCBuildConfiguration section */
		C67B4ACB21C768AA008E0982 /* Debug */ = {
			isa = XCBuildConfiguration;
			buildSettings = {
				ALWAYS_SEARCH_USER_PATHS = NO;
				CLANG_ANALYZER_NONNULL = YES;
				CLANG_ANALYZER_NUMBER_OBJECT_CONVERSION = YES_AGGRESSIVE;
				CLANG_CXX_LANGUAGE_STANDARD = "gnu++14";
				CLANG_CXX_LIBRARY = "libc++";
				CLANG_ENABLE_MODULES = YES;
				CLANG_ENABLE_OBJC_ARC = YES;
				CLANG_ENABLE_OBJC_WEAK = YES;
				CLANG_WARN_BLOCK_CAPTURE_AUTORELEASING = YES;
				CLANG_WARN_BOOL_CONVERSION = YES;
				CLANG_WARN_COMMA = YES;
				CLANG_WARN_CONSTANT_CONVERSION = YES;
				CLANG_WARN_DEPRECATED_OBJC_IMPLEMENTATIONS = YES;
				CLANG_WARN_DIRECT_OBJC_ISA_USAGE = YES_ERROR;
				CLANG_WARN_DOCUMENTATION_COMMENTS = YES;
				CLANG_WARN_EMPTY_BODY = YES;
				CLANG_WARN_ENUM_CONVERSION = YES;
				CLANG_WARN_INFINITE_RECURSION = YES;
				CLANG_WARN_INT_CONVERSION = YES;
				CLANG_WARN_NON_LITERAL_NULL_CONVERSION = YES;
				CLANG_WARN_OBJC_IMPLICIT_RETAIN_SELF = YES;
				CLANG_WARN_OBJC_LITERAL_CONVERSION = YES;
				CLANG_WARN_OBJC_ROOT_CLASS = YES_ERROR;
				CLANG_WARN_RANGE_LOOP_ANALYSIS = YES;
				CLANG_WARN_STRICT_PROTOTYPES = YES;
				CLANG_WARN_SUSPICIOUS_MOVE = YES;
				CLANG_WARN_UNGUARDED_AVAILABILITY = YES_AGGRESSIVE;
				CLANG_WARN_UNREACHABLE_CODE = YES;
				CLANG_WARN__DUPLICATE_METHOD_MATCH = YES;
				CODE_SIGN_IDENTITY = "Mac Developer";
				COPY_PHASE_STRIP = NO;
				DEBUG_INFORMATION_FORMAT = dwarf;
				ENABLE_STRICT_OBJC_MSGSEND = YES;
				ENABLE_TESTABILITY = YES;
				GCC_C_LANGUAGE_STANDARD = gnu11;
				GCC_DYNAMIC_NO_PIC = NO;
				GCC_NO_COMMON_BLOCKS = YES;
				GCC_OPTIMIZATION_LEVEL = 0;
				GCC_PREPROCESSOR_DEFINITIONS = (
					"DEBUG=1",
					"$(inherited)",
				);
				GCC_WARN_64_TO_32_BIT_CONVERSION = YES;
				GCC_WARN_ABOUT_RETURN_TYPE = YES_ERROR;
				GCC_WARN_UNDECLARED_SELECTOR = YES;
				GCC_WARN_UNINITIALIZED_AUTOS = YES_AGGRESSIVE;
				GCC_WARN_UNUSED_FUNCTION = YES;
				GCC_WARN_UNUSED_VARIABLE = YES;
				MACOSX_DEPLOYMENT_TARGET = 10.13;
				MTL_ENABLE_DEBUG_INFO = YES;
				ONLY_ACTIVE_ARCH = YES;
				SDKROOT = macosx;
			};
			name = Debug;
		};
		C67B4ACC21C768AA008E0982 /* Release */ = {
			isa = XCBuildConfiguration;
			buildSettings = {
				ALWAYS_SEARCH_USER_PATHS = NO;
				CLANG_ANALYZER_NONNULL = YES;
				CLANG_ANALYZER_NUMBER_OBJECT_CONVERSION = YES_AGGRESSIVE;
				CLANG_CXX_LANGUAGE_STANDARD = "gnu++14";
				CLANG_CXX_LIBRARY = "libc++";
				CLANG_ENABLE_MODULES = YES;
				CLANG_ENABLE_OBJC_ARC = YES;
				CLANG_ENABLE_OBJC_WEAK = YES;
				CLANG_WARN_BLOCK_CAPTURE_AUTORELEASING = YES;
				CLANG_WARN_BOOL_CONVERSION = YES;
				CLANG_WARN_COMMA = YES;
				CLANG_WARN_CONSTANT_CONVERSION = YES;
				CLANG_WARN_DEPRECATED_OBJC_IMPLEMENTATIONS = YES;
				CLANG_WARN_DIRECT_OBJC_ISA_USAGE = YES_ERROR;
				CLANG_WARN_DOCUMENTATION_COMMENTS = YES;
				CLANG_WARN_EMPTY_BODY = YES;
				CLANG_WARN_ENUM_CONVERSION = YES;
				CLANG_WARN_INFINITE_RECURSION = YES;
				CLANG_WARN_INT_CONVERSION = YES;
				CLANG_WARN_NON_LITERAL_NULL_CONVERSION = YES;
				CLANG_WARN_OBJC_IMPLICIT_RETAIN_SELF = YES;
				CLANG_WARN_OBJC_LITERAL_CONVERSION = YES;
				CLANG_WARN_OBJC_ROOT_CLASS = YES_ERROR;
				CLANG_WARN_RANGE_LOOP_ANALYSIS = YES;
				CLANG_WARN_STRICT_PROTOTYPES = YES;
				CLANG_WARN_SUSPICIOUS_MOVE = YES;
				CLANG_WARN_UNGUARDED_AVAILABILITY = YES_AGGRESSIVE;
				CLANG_WARN_UNREACHABLE_CODE = YES;
				CLANG_WARN__DUPLICATE_METHOD_MATCH = YES;
				CODE_SIGN_IDENTITY = "Mac Developer";
				COPY_PHASE_STRIP = NO;
				DEBUG_INFORMATION_FORMAT = "dwarf-with-dsym";
				ENABLE_NS_ASSERTIONS = NO;
				ENABLE_STRICT_OBJC_MSGSEND = YES;
				GCC_C_LANGUAGE_STANDARD = gnu11;
				GCC_NO_COMMON_BLOCKS = YES;
				GCC_WARN_64_TO_32_BIT_CONVERSION = YES;
				GCC_WARN_ABOUT_RETURN_TYPE = YES_ERROR;
				GCC_WARN_UNDECLARED_SELECTOR = YES;
				GCC_WARN_UNINITIALIZED_AUTOS = YES_AGGRESSIVE;
				GCC_WARN_UNUSED_FUNCTION = YES;
				GCC_WARN_UNUSED_VARIABLE = YES;
				MACOSX_DEPLOYMENT_TARGET = 10.13;
				MTL_ENABLE_DEBUG_INFO = NO;
				SDKROOT = macosx;
			};
			name = Release;
		};
		C67B4ACE21C768AA008E0982 /* Debug */ = {
			isa = XCBuildConfiguration;
			buildSettings = {
				CODE_SIGN_STYLE = Automatic;
				DEVELOPMENT_TEAM = 35P9S7STBV;
				PRODUCT_NAME = "$(TARGET_NAME)";
			};
			name = Debug;
		};
		C67B4ACF21C768AA008E0982 /* Release */ = {
			isa = XCBuildConfiguration;
			buildSettings = {
				CODE_SIGN_STYLE = Automatic;
				DEVELOPMENT_TEAM = 35P9S7STBV;
				PRODUCT_NAME = "$(TARGET_NAME)";
			};
			name = Release;
		};
/* End XCBuildConfiguration section */

/* Begin XCConfigurationList section */
		C67B4AC121C768AA008E0982 /* Build configuration list for PBXProject "DSPractice" */ = {
			isa = XCConfigurationList;
			buildConfigurations = (
				C67B4ACB21C768AA008E0982 /* Debug */,
				C67B4ACC21C768AA008E0982 /* Release */,
			);
			defaultConfigurationIsVisible = 0;
			defaultConfigurationName = Release;
		};
		C67B4ACD21C768AA008E0982 /* Build configuration list for PBXNativeTarget "DSPractice" */ = {
			isa = XCConfigurationList;
			buildConfigurations = (
				C67B4ACE21C768AA008E0982 /* Debug */,
				C67B4ACF21C768AA008E0982 /* Release */,
			);
			defaultConfigurationIsVisible = 0;
			defaultConfigurationName = Release;
		};
/* End XCConfigurationList section */
	};
	rootObject = C67B4ABE21C768AA008E0982 /* Project object */;
}
